{
  "name": "llm-wiki",
  "version": "1.0.0",
  "lockfileVersion": 3,
  "requires": true,
  "packages": {
    "": {
      "name": "llm-wiki",
      "version": "1.0.0",
      "license": "ISC",
      "dependencies": {
        "@neondatabase/serverless": "^1.1.0",
        "yaml": "^2.8.3"
      }
    },
    "node_modules/@neondatabase/serverless": {
      "version": "1.1.0",
      "resolved": "https://registry.npmjs.org/@neondatabase/serverless/-/serverless-1.1.0.tgz",
      "integrity": "sha512-r3ZZhRjEcfEdKIZnoB1RusNgvHuaBRqfCzV4Gi+5A9yUX0S4HTws/ASWqt13wL4y4I+0rqsWGdA2w7EQXHi3+Q==",
      "license": "MIT",
      "engines": {
        "node": ">=19.0.0"
      }
    },
    "node_modules/yaml": {
      "version": "2.8.3",
      "resolved": "https://registry.npmjs.org/yaml/-/yaml-2.8.3.tgz",
      "integrity": "sha512-AvbaCLOO2Otw/lW5bmh9d/WEdcDFdQp2Z2ZUH3pX9U2ihyUY0nvLv7J6TrWowklRGPYbB/IuIMfYgxaCPg5Bpg==",
      "license": "ISC",
      "bin": {
        "yaml": "bin.mjs"
      },
      "engines": {
        "node": ">= 14.6"
      },
      "funding": {
        "url": "https://github.com/sponsors/eemeli"
      }
    }
  }
}
